
Microsoft Visual Studio Solution File, Format Version 12.00
# Visual Studio 15
VisualStudioVersion = 15.0.28010.2046
MinimumVisualStudioVersion = 10.0.40219.1
Project("{8BC9CEB8-8B4A-11D0-8D11-00A0C91BC942}") = "ant", "ant\ant.vcxproj", "{AF5A803B-A0A0-46C6-92FF-C8A7749CC3A8}"
EndProject
Project("{8BC9CEB8-8B4A-11D0-8D11-00A0C91BC942}") = "brain", "brain\brain.vcxproj", "{96DADEDA-7595-4E01-8B7C-55B6F5D1710F}"
EndProject
Project("{8BC9CEB8-8B4A-11D0-8D11-00A0C91BC942}") = "empire", "empire\empire.vcxproj", "{27360115-5B1A-4ABA-B65C-8471ADD9B2EC}"
EndProject
Project("{8BC9CEB8-8B4A-11D0-8D11-00A0C91BC942}") = "life", "life\life.vcxproj", "{EC81C522-7CE3-4D81-B8DB-8D3ECE1F03F0}"
EndProject
Project("{8BC9CEB8-8B4A-11D0-8D11-00A0C91BC942}") = "predator-and-prey", "predator-and-prey\predator-and-prey.vcxproj", "{4DE1A36E-9A6B-41A9-8C73-8D91BB1CDCA6}"
EndProject
Project("{8BC9CEB8-8B4A-11D0-8D11-00A0C91BC942}") = "seeds", "seeds\seeds.vcxproj", "{5FE876C2-C1FE-4AE1-ACA0-6B80754A53AE}"
EndProject
Global
	GlobalSection(SolutionConfigurationPlatforms) = preSolution
		Debug|x64 = Debug|x64
		Debug|x86 = Debug|x86
		Release|x64 = Release|x64
		Release|x86 = Release|x86
	EndGlobalSection
	GlobalSection(ProjectConfigurationPlatforms) = postSolution
		{AF5A803B-A0A0-46C6-92FF-C8A7749CC3A8}.Debug|x64.ActiveCfg = Debug|x64
		{AF5A803B-A0A0-46C6-92FF-C8A7749CC3A8}.Debug|x64.Build.0 = Debug|x64
		{AF5A803B-A0A0-46C6-92FF-C8A7749CC3A8}.Debug|x86.ActiveCfg = Debug|Win32
		{AF5A803B-A0A0-46C6-92FF-C8A7749CC3A8}.Debug|x86.Build.0 = Debug|Win32
		{AF5A803B-A0A0-46C6-92FF-C8A7749CC3A8}.Release|x64.ActiveCfg = Release|x64
		{AF5A803B-A0A0-46C6-92FF-C8A7749CC3A8}.Release|x64.Build.0 = Release|x64
		{AF5A803B-A0A0-46C6-92FF-C8A7749CC3A8}.Release|x86.ActiveCfg = Release|Win32
		{AF5A803B-A0A0-46C6-92FF-C8A7749CC3A8}.Release|x86.Build.0 = Release|Win32
		{96DADEDA-7595-4E01-8B7C-55B6F5D1710F}.Debug|x64.ActiveCfg = Debug|x64
		{96DADEDA-7595-4E01-8B7C-55B6F5D1710F}.Debug|x64.Build.0 = Debug|x64
		{96DADEDA-7595-4E01-8B7C-55B6F5D1710F}.Debug|x86.ActiveCfg = Debug|Win32
		{96DADEDA-7595-4E01-8B7C-55B6F5D1710F}.Debug|x86.Build.0 = Debug|Win32
		{96DADEDA-7595-4E01-8B7C-55B6F5D1710F}.Release|x64.ActiveCfg = Release|x64
		{96DADEDA-7595-4E01-8B7C-55B6F5D1710F}.Release|x64.Build.0 = Release|x64
		{96DADEDA-7595-4E01-8B7C-55B6F5D1710F}.Release|x86.ActiveCfg = Release|Win32
		{96DADEDA-7595-4E01-8B7C-55B6F5D1710F}.Release|x86.Build.0 = Release|Win32
		{27360115-5B1A-4ABA-B65C-8471ADD9B2EC}.Debug|x64.ActiveCfg = Debug|x64
		{27360115-5B1A-4ABA-B65C-8471ADD9B2EC}.Debug|x64.Build.0 = Debug|x64
		{27360115-5B1A-4ABA-B65C-8471ADD9B2EC}.Debug|x86.ActiveCfg = Debug|Win32
		{27360115-5B1A-4ABA-B65C-8471ADD9B2EC}.Debug|x86.Build.0 = Debug|Win32
		{27360115-5B1A-4ABA-B65C-8471ADD9B2EC}.Release|x64.ActiveCfg = Release|x64
		{27360115-5B1A-4ABA-B65C-8471ADD9B2EC}.Release|x64.Build.0 = Release|x64
		{27360115-5B1A-4ABA-B65C-8471ADD9B2EC}.Release|x86.ActiveCfg = Release|Win32
		{27360115-5B1A-4ABA-B65C-8471ADD9B2EC}.Release|x86.Build.0 = Release|Win32
		{EC81C522-7CE3-4D81-B8DB-8D3ECE1F03F0}.Debug|x64.ActiveCfg = Debug|x64
		{EC81C522-7CE3-4D81-B8DB-8D3ECE1F03F0}.Debug|x64.Build.0 = Debug|x64
		{EC81C522-7CE3-4D81-B8DB-8D3ECE1F03F0}.Debug|x86.ActiveCfg = Debug|Win32
		{EC81C522-7CE3-4D81-B8DB-8D3ECE1F03F0}.Debug|x86.Build.0 = Debug|Win32
		{EC81C522-7CE3-4D81-B8DB-8D3ECE1F03F0}.Release|x64.ActiveCfg = Release|x64
		{EC81C522-7CE3-4D81-B8DB-8D3ECE1F03F0}.Release|x64.Build.0 = Release|x64
		{EC81C522-7CE3-4D81-B8DB-8D3ECE1F03F0}.Release|x86.ActiveCfg = Release|Win32
		{EC81C522-7CE3-4D81-B8DB-8D3ECE1F03F0}.Release|x86.Build.0 = Release|Win32
		{4DE1A36E-9A6B-41A9-8C73-8D91BB1CDCA6}.Debug|x64.ActiveCfg = Debug|x64
		{4DE1A36E-9A6B-41A9-8C73-8D91BB1CDCA6}.Debug|x64.Build.0 = Debug|x64
		{4DE1A36E-9A6B-41A9-8C73-8D91BB1CDCA6}.Debug|x86.ActiveCfg = Debug|Win32
		{4DE1A36E-9A6B-41A9-8C73-8D91BB1CDCA6}.Debug|x86.Build.0 = Debug|Win32
		{4DE1A36E-9A6B-41A9-8C73-8D91BB1CDCA6}.Release|x64.ActiveCfg = Release|x64
		{4DE1A36E-9A6B-41A9-8C73-8D91BB1CDCA6}.Release|x64.Build.0 = Release|x64
		{4DE1A36E-9A6B-41A9-8C73-8D91BB1CDCA6}.Release|x86.ActiveCfg = Release|Win32
		{4DE1A36E-9A6B-41A9-8C73-8D91BB1CDCA6}.Release|x86.Build.0 = Release|Win32
		{5FE876C2-C1FE-4AE1-ACA0-6B80754A53AE}.Debug|x64.ActiveCfg = Debug|x64
		{5FE876C2-C1FE-4AE1-ACA0-6B80754A53AE}.Debug|x64.Build.0 = Debug|x64
		{5FE876C2-C1FE-4AE1-ACA0-6B80754A53AE}.Debug|x86.ActiveCfg = Debug|Win32
		{5FE876C2-C1FE-4AE1-ACA0-6B80754A53AE}.Debug|x86.Build.0 = Debug|Win32
		{5FE876C2-C1FE-4AE1-ACA0-6B80754A53AE}.Release|x64.ActiveCfg = Release|x64
		{5FE876C2-C1FE-4AE1-ACA0-6B80754A53AE}.Release|x64.Build.0 = Release|x64
		{5FE876C2-C1FE-4AE1-ACA0-6B80754A53AE}.Release|x86.ActiveCfg = Release|Win32
		{5FE876C2-C1FE-4AE1-ACA0-6B80754A53AE}.Release|x86.Build.0 = Release|Win32
	EndGlobalSection
	GlobalSection(SolutionProperties) = preSolution
		HideSolutionNode = FALSE
	EndGlobalSection
	GlobalSection(ExtensibilityGlobals) = postSolution
		SolutionGuid = {5BD140F4-F04B-4496-8763-7A6D33F72025}
	EndGlobalSection
EndGlobal
